
Microsoft Visual Studio Solution File, Format Version 12.00
# Visual Studio Version 17
VisualStudioVersion = 17.13.35931.197
MinimumVisualStudioVersion = 10.0.40219.1
Project("{FAE04EC0-301F-11D3-BF4B-00C04F79EFBC}") = "ReRe.Data", "ReRe.Data\ReRe.Data.csproj", "{EEFE973F-92A3-437E-835A-6D3224AB2A1F}"
EndProject
Project("{FAE04EC0-301F-11D3-BF4B-00C04F79EFBC}") = "ReRe.Ui", "ReRe.Ui\ReRe.Ui.csproj", "{36EDB3AE-8400-41F3-B33C-E8214ACADAF3}"
EndProject
Project("{E53339B2-1760-4266-BCC7-CA923CBCF16C}") = "docker-compose", "docker-compose.dcproj", "{81DDED9D-158B-E303-5F62-77A2896D2A5A}"
EndProject
Project("{FAE04EC0-301F-11D3-BF4B-00C04F79EFBC}") = "ReRe.Test", "ReRe.Test\ReRe.Test.csproj", "{FB2E2D2E-D6A2-7858-B12C-25623186C91A}"
EndProject
Global
	GlobalSection(SolutionConfigurationPlatforms) = preSolution
		Debug|Any CPU = Debug|Any CPU
		Release|Any CPU = Release|Any CPU
	EndGlobalSection
	GlobalSection(ProjectConfigurationPlatforms) = postSolution
		{EEFE973F-92A3-437E-835A-6D3224AB2A1F}.Debug|Any CPU.ActiveCfg = Debug|Any CPU
		{EEFE973F-92A3-437E-835A-6D3224AB2A1F}.Debug|Any CPU.Build.0 = Debug|Any CPU
		{EEFE973F-92A3-437E-835A-6D3224AB2A1F}.Release|Any CPU.ActiveCfg = Release|Any CPU
		{EEFE973F-92A3-437E-835A-6D3224AB2A1F}.Release|Any CPU.Build.0 = Release|Any CPU
		{36EDB3AE-8400-41F3-B33C-E8214ACADAF3}.Debug|Any CPU.ActiveCfg = Debug|Any CPU
		{36EDB3AE-8400-41F3-B33C-E8214ACADAF3}.Debug|Any CPU.Build.0 = Debug|Any CPU
		{36EDB3AE-8400-41F3-B33C-E8214ACADAF3}.Release|Any CPU.ActiveCfg = Release|Any CPU
		{36EDB3AE-8400-41F3-B33C-E8214ACADAF3}.Release|Any CPU.Build.0 = Release|Any CPU
		{81DDED9D-158B-E303-5F62-77A2896D2A5A}.Debug|Any CPU.ActiveCfg = Debug|Any CPU
		{81DDED9D-158B-E303-5F62-77A2896D2A5A}.Debug|Any CPU.Build.0 = Debug|Any CPU
		{81DDED9D-158B-E303-5F62-77A2896D2A5A}.Release|Any CPU.ActiveCfg = Release|Any CPU
		{81DDED9D-158B-E303-5F62-77A2896D2A5A}.Release|Any CPU.Build.0 = Release|Any CPU
		{FB2E2D2E-D6A2-7858-B12C-25623186C91A}.Debug|Any CPU.ActiveCfg = Debug|Any CPU
		{FB2E2D2E-D6A2-7858-B12C-25623186C91A}.Debug|Any CPU.Build.0 = Debug|Any CPU
		{FB2E2D2E-D6A2-7858-B12C-25623186C91A}.Release|Any CPU.ActiveCfg = Release|Any CPU
		{FB2E2D2E-D6A2-7858-B12C-25623186C91A}.Release|Any CPU.Build.0 = Release|Any CPU
	EndGlobalSection
	GlobalSection(SolutionProperties) = preSolution
		HideSolutionNode = FALSE
	EndGlobalSection
	GlobalSection(ExtensibilityGlobals) = postSolution
		SolutionGuid = {A69A295E-7CE6-46B3-A9CE-6BAE8FD05260}
	EndGlobalSection
EndGlobal
